
Microsoft Visual Studio Solution File, Format Version 12.00
# Visual Studio Version 16
VisualStudioVersion = 16.0.31911.196
MinimumVisualStudioVersion = 10.0.40219.1
Project("{FAE04EC0-301F-11D3-BF4B-00C04F79EFBC}") = "WeatherAPI_Application", "WeatherAPI_Application\WeatherAPI_Application.csproj", "{BC879ADA-60C0-4069-BB66-517601E231A5}"
EndProject
Global
	GlobalSection(SolutionConfigurationPlatforms) = preSolution
		Debug|Any CPU = Debug|Any CPU
		Release|Any CPU = Release|Any CPU
	EndGlobalSection
	GlobalSection(ProjectConfigurationPlatforms) = postSolution
		{BC879ADA-60C0-4069-BB66-517601E231A5}.Debug|Any CPU.ActiveCfg = Debug|Any CPU
		{BC879ADA-60C0-4069-BB66-517601E231A5}.Debug|Any CPU.Build.0 = Debug|Any CPU
		{BC879ADA-60C0-4069-BB66-517601E231A5}.Release|Any CPU.ActiveCfg = Release|Any CPU
		{BC879ADA-60C0-4069-BB66-517601E231A5}.Release|Any CPU.Build.0 = Release|Any CPU
	EndGlobalSection
	GlobalSection(SolutionProperties) = preSolution
		HideSolutionNode = FALSE
	EndGlobalSection
	GlobalSection(ExtensibilityGlobals) = postSolution
		SolutionGuid = {EF86BF10-7882-4D89-83A3-3B07AA717008}
	EndGlobalSection
EndGlobal
